
Microsoft Visual Studio Solution File, Format Version 11.00
# Visual C++ Express 2010
Project("{8BC9CEB8-8B4A-11D0-8D11-00A0C91BC942}") = "DirectXStuff", "DirectXStuff\DirectXStuff.vcxproj", "{7D352993-A2FE-4195-BA05-2C34A574C24E}"
EndProject
Global
	GlobalSection(SolutionConfigurationPlatforms) = preSolution
		Debug|Win32 = Debug|Win32
		Release|Win32 = Release|Win32
	EndGlobalSection
	GlobalSection(ProjectConfigurationPlatforms) = postSolution
		{7D352993-A2FE-4195-BA05-2C34A574C24E}.Debug|Win32.ActiveCfg = Debug|Win32
		{7D352993-A2FE-4195-BA05-2C34A574C24E}.Debug|Win32.Build.0 = Debug|Win32
		{7D352993-A2FE-4195-BA05-2C34A574C24E}.Release|Win32.ActiveCfg = Release|Win32
		{7D352993-A2FE-4195-BA05-2C34A574C24E}.Release|Win32.Build.0 = Release|Win32
	EndGlobalSection
	GlobalSection(SolutionProperties) = preSolution
		HideSolutionNode = FALSE
	EndGlobalSection
EndGlobal
