<?xml version="1.0" encoding="utf-8"?>
<Project ToolsVersion="4.0" xmlns="http://schemas.microsoft.com/developer/msbuild/2003">
  <ItemGroup>
    <Filter Include="Source Files">
      <UniqueIdentifier>{4FC737F1-C7A5-4376-A066-2A32D752A2FF}</UniqueIdentifier>
      <Extensions>cpp;c;cc;cxx;def;odl;idl;hpj;bat;asm;asmx</Extensions>
    </Filter>
    <Filter Include="Header Files">
      <UniqueIdentifier>{93995380-89BD-4b04-88EB-625FBE52EBFB}</UniqueIdentifier>
      <Extensions>h;hpp;hxx;hm;inl;inc;xsd</Extensions>
    </Filter>
    <Filter Include="Resource Files">
      <UniqueIdentifier>{67DA6AB6-F800-4c08-8B7A-83BB121AAD01}</UniqueIdentifier>
      <Extensions>rc;ico;cur;bmp;dlg;rc2;rct;bin;rgs;gif;jpg;jpeg;jpe;resx;tiff;tif;png;wav;mfcribbon-ms</Extensions>
    </Filter>
    <Filter Include="Camera">
      <UniqueIdentifier>{1c959eda-31f7-45a5-926f-3d9f309fe6fc}</UniqueIdentifier>
    </Filter>
    <Filter Include="Model">
      <UniqueIdentifier>{ab258fa1-2923-4ae3-9456-8069fca68de4}</UniqueIdentifier>
    </Filter>
    <Filter Include="TheBonesOfTheOperation">
      <UniqueIdentifier>{fcae8c99-dcfa-41ca-9d74-1a08fd91e867}</UniqueIdentifier>
    </Filter>
    <Filter Include="Texturing">
      <UniqueIdentifier>{15ad8e01-e202-43e0-b3b2-2cb89588b3ca}</UniqueIdentifier>
    </Filter>
    <Filter Include="Lighting">
      <UniqueIdentifier>{9ba250bd-9ec3-49e0-b537-6cebfcd0cd65}</UniqueIdentifier>
    </Filter>
    <Filter Include="Fonts/Text">
      <UniqueIdentifier>{b75b44dc-f224-4403-8779-d286df3289d0}</UniqueIdentifier>
    </Filter>
    <Filter Include="Input">
      <UniqueIdentifier>{b2167988-4352-45e6-8410-fb83b700a022}</UniqueIdentifier>
    </Filter>
    <Filter Include="FPS CPU">
      <UniqueIdentifier>{f11c6614-8e1b-4f27-97e9-1424c0dfa608}</UniqueIdentifier>
    </Filter>
    <Filter Include="Terrain">
      <UniqueIdentifier>{6c37155e-7bef-4785-88d6-e432dc26ffc0}</UniqueIdentifier>
    </Filter>
    <Filter Include="Application">
      <UniqueIdentifier>{fd44cd2c-7141-41f5-8477-202188ea4b86}</UniqueIdentifier>
    </Filter>
    <Filter Include="NewFilter1">
      <UniqueIdentifier>{b0b5039a-755e-460c-a4b0-1b8252051e14}</UniqueIdentifier>
    </Filter>
    <Filter Include="Hud">
      <UniqueIdentifier>{c5ccf864-23f4-4d1a-9841-d32088a46f38}</UniqueIdentifier>
    </Filter>
    <Filter Include="Sound">
      <UniqueIdentifier>{a5c48caa-52c1-4024-907d-42374eafe876}</UniqueIdentifier>
    </Filter>
  </ItemGroup>
  <ItemGroup>
    <ClCompile Include="DXMain.cpp">
      <Filter>TheBonesOfTheOperation</Filter>
    </ClCompile>
    <ClCompile Include="Direct3DHandler.cpp">
      <Filter>TheBonesOfTheOperation</Filter>
    </ClCompile>
    <ClCompile Include="SystemBackend.cpp">
      <Filter>TheBonesOfTheOperation</Filter>
    </ClCompile>
    <ClCompile Include="TextureShader.cpp">
      <Filter>Texturing</Filter>
    </ClCompile>
    <ClCompile Include="Texture.cpp">
      <Filter>Texturing</Filter>
    </ClCompile>
    <ClCompile Include="TerrainShader.cpp">
      <Filter>Terrain</Filter>
    </ClCompile>
    <ClCompile Include="Terrain.cpp">
      <Filter>Terrain</Filter>
    </ClCompile>
    <ClCompile Include="Model.cpp">
      <Filter>Model</Filter>
    </ClCompile>
    <ClCompile Include="LightShader.cpp">
      <Filter>Lighting</Filter>
    </ClCompile>
    <ClCompile Include="Light.cpp">
      <Filter>Lighting</Filter>
    </ClCompile>
    <ClCompile Include="Input.cpp">
      <Filter>Input</Filter>
    </ClCompile>
    <ClCompile Include="Timer.cpp">
      <Filter>FPS CPU</Filter>
    </ClCompile>
    <ClCompile Include="FramesPS.cpp">
      <Filter>FPS CPU</Filter>
    </ClCompile>
    <ClCompile Include="CPUQuery.cpp">
      <Filter>FPS CPU</Filter>
    </ClCompile>
    <ClCompile Include="TextHandler.cpp">
      <Filter>Fonts/Text</Filter>
    </ClCompile>
    <ClCompile Include="FontShader.cpp">
      <Filter>Fonts/Text</Filter>
    </ClCompile>
    <ClCompile Include="FontHandler.cpp">
      <Filter>Fonts/Text</Filter>
    </ClCompile>
    <ClCompile Include="Position.cpp">
      <Filter>Camera</Filter>
    </ClCompile>
    <ClCompile Include="Camera.cpp">
      <Filter>Camera</Filter>
    </ClCompile>
    <ClCompile Include="Application.cpp">
      <Filter>Application</Filter>
    </ClCompile>
    <ClCompile Include="Hud.cpp">
      <Filter>Hud</Filter>
    </ClCompile>
    <ClCompile Include="Sound.cpp">
      <Filter>Sound</Filter>
    </ClCompile>
  </ItemGroup>
  <ItemGroup>
    <ClInclude Include="Direct3DHandler.h">
      <Filter>TheBonesOfTheOperation</Filter>
    </ClInclude>
    <ClInclude Include="SystemBackend.h">
      <Filter>TheBonesOfTheOperation</Filter>
    </ClInclude>
    <ClInclude Include="TextureShader.h">
      <Filter>Texturing</Filter>
    </ClInclude>
    <ClInclude Include="Texture.h">
      <Filter>Texturing</Filter>
    </ClInclude>
    <ClInclude Include="TerrainShader.h">
      <Filter>Terrain</Filter>
    </ClInclude>
    <ClInclude Include="Terrain.h">
      <Filter>Terrain</Filter>
    </ClInclude>
    <ClInclude Include="Model.h">
      <Filter>Model</Filter>
    </ClInclude>
    <ClInclude Include="LightShader.h">
      <Filter>Lighting</Filter>
    </ClInclude>
    <ClInclude Include="Light.h">
      <Filter>Lighting</Filter>
    </ClInclude>
    <ClInclude Include="Input.h">
      <Filter>Input</Filter>
    </ClInclude>
    <ClInclude Include="Timer.h">
      <Filter>FPS CPU</Filter>
    </ClInclude>
    <ClInclude Include="FramesPS.h">
      <Filter>FPS CPU</Filter>
    </ClInclude>
    <ClInclude Include="CPUQuery.h">
      <Filter>FPS CPU</Filter>
    </ClInclude>
    <ClInclude Include="TextHandler.h">
      <Filter>Fonts/Text</Filter>
    </ClInclude>
    <ClInclude Include="FontShader.h">
      <Filter>Fonts/Text</Filter>
    </ClInclude>
    <ClInclude Include="FontHandler.h">
      <Filter>Fonts/Text</Filter>
    </ClInclude>
    <ClInclude Include="Position.h">
      <Filter>Camera</Filter>
    </ClInclude>
    <ClInclude Include="Camera.h">
      <Filter>Camera</Filter>
    </ClInclude>
    <ClInclude Include="Application.h">
      <Filter>Application</Filter>
    </ClInclude>
    <ClInclude Include="Hud.h">
      <Filter>Hud</Filter>
    </ClInclude>
    <ClInclude Include="Sound.h">
      <Filter>Sound</Filter>
    </ClInclude>
  </ItemGroup>
  <ItemGroup>
    <None Include="..\texture.ps">
      <Filter>Texturing</Filter>
    </None>
    <None Include="..\texture.vs">
      <Filter>Texturing</Filter>
    </None>
    <None Include="..\font.dds" />
    <None Include="..\fontdata.txt" />
    <None Include="..\..\font.vs">
      <Filter>Fonts/Text</Filter>
    </None>
    <None Include="..\..\font.ps">
      <Filter>Fonts/Text</Filter>
    </None>
    <None Include="..\heightmap01.bmp">
      <Filter>Resource Files</Filter>
    </None>
  </ItemGroup>
</Project>